
Microsoft Visual Studio Solution File, Format Version 12.00
# Visual Studio Version 17
VisualStudioVersion = 17.14.37027.9 d17.14
MinimumVisualStudioVersion = 10.0.40219.1
Project("{8BC9CEB8-8B4A-11D0-8D11-00A0C91BC942}") = "Vespasian", "Vespasian.vcxproj", "{97D2CB33-8DED-4E9C-9650-7165DEE085C0}"
EndProject
Project("{8BC9CEB8-8B4A-11D0-8D11-00A0C91BC942}") = "AugustusGraphicsExtractor", "AugustusGraphicsExtractor.vcxproj", "{0DECE40D-D3B0-4546-90E0-22B9CF0ECF36}"
EndProject
Project("{8BC9CEB8-8B4A-11D0-8D11-00A0C91BC942}") = "JuliusGraphicsExtractor", "JuliusGraphicsExtractor.vcxproj", "{C0D74F8D-8E81-4D5E-96E3-36E6DE3F9960}"
EndProject
Project("{8BC9CEB8-8B4A-11D0-8D11-00A0C91BC942}") = "GraphicsExtractor", "GraphicsExtractor.vcxproj", "{4B1435BB-86C6-47EC-9D40-31C955B1BFD4}"
EndProject
Project("{8BC9CEB8-8B4A-11D0-8D11-00A0C91BC942}") = "StartupParserTest", "StartupParserTest.vcxproj", "{E7AB650E-2D63-49A0-B9E1-53060F57C919}"
EndProject
Project("{8BC9CEB8-8B4A-11D0-8D11-00A0C91BC942}") = "RendererSeamTest", "RendererSeamTest.vcxproj", "{14823A5A-714B-4F2E-9390-4D09A67B6EFB}"
EndProject
Project("{8BC9CEB8-8B4A-11D0-8D11-00A0C91BC942}") = "LoadSaveModule", "LoadSaveModule.vcxproj", "{A7DF7943-1BFC-46C1-B7C8-0C7F1E35B704}"
EndProject
Project("{8BC9CEB8-8B4A-11D0-8D11-00A0C91BC942}") = "LoadSaveAbiTest", "LoadSaveAbiTest.vcxproj", "{BB7B468C-69DC-46D3-A74A-EFA823BC87EC}"
EndProject
Project("{8BC9CEB8-8B4A-11D0-8D11-00A0C91BC942}") = "ModContentTest", "ModContentTest.vcxproj", "{C0536F63-4F37-444D-B449-22635053A169}"
EndProject
Project("{8BC9CEB8-8B4A-11D0-8D11-00A0C91BC942}") = "VespasianLauncher", "VespasianLauncher.vcxproj", "{A8122876-52A6-47F8-89F0-91B3834E4AE3}"
EndProject
Global
	GlobalSection(SolutionConfigurationPlatforms) = preSolution
		Debug|x64 = Debug|x64
		Release|x64 = Release|x64
	EndGlobalSection
	GlobalSection(ProjectConfigurationPlatforms) = postSolution
		{A8122876-52A6-47F8-89F0-91B3834E4AE3}.Debug|x64.ActiveCfg = Debug|x64
		{A8122876-52A6-47F8-89F0-91B3834E4AE3}.Debug|x64.Build.0 = Debug|x64
		{A8122876-52A6-47F8-89F0-91B3834E4AE3}.Release|x64.ActiveCfg = Release|x64
		{A8122876-52A6-47F8-89F0-91B3834E4AE3}.Release|x64.Build.0 = Release|x64
		{C0536F63-4F37-444D-B449-22635053A169}.Debug|x64.ActiveCfg = Debug|x64
		{C0536F63-4F37-444D-B449-22635053A169}.Debug|x64.Build.0 = Debug|x64
		{C0536F63-4F37-444D-B449-22635053A169}.Release|x64.ActiveCfg = Release|x64
		{C0536F63-4F37-444D-B449-22635053A169}.Release|x64.Build.0 = Release|x64
		{97D2CB33-8DED-4E9C-9650-7165DEE085C0}.Debug|x64.ActiveCfg = Debug|x64
		{97D2CB33-8DED-4E9C-9650-7165DEE085C0}.Debug|x64.Build.0 = Debug|x64
		{97D2CB33-8DED-4E9C-9650-7165DEE085C0}.Release|x64.ActiveCfg = Release|x64
		{97D2CB33-8DED-4E9C-9650-7165DEE085C0}.Release|x64.Build.0 = Release|x64
		{0DECE40D-D3B0-4546-90E0-22B9CF0ECF36}.Debug|x64.ActiveCfg = Debug|x64
		{0DECE40D-D3B0-4546-90E0-22B9CF0ECF36}.Debug|x64.Build.0 = Debug|x64
		{0DECE40D-D3B0-4546-90E0-22B9CF0ECF36}.Release|x64.ActiveCfg = Release|x64
		{0DECE40D-D3B0-4546-90E0-22B9CF0ECF36}.Release|x64.Build.0 = Release|x64
		{C0D74F8D-8E81-4D5E-96E3-36E6DE3F9960}.Debug|x64.ActiveCfg = Debug|x64
		{C0D74F8D-8E81-4D5E-96E3-36E6DE3F9960}.Debug|x64.Build.0 = Debug|x64
		{C0D74F8D-8E81-4D5E-96E3-36E6DE3F9960}.Release|x64.ActiveCfg = Release|x64
		{C0D74F8D-8E81-4D5E-96E3-36E6DE3F9960}.Release|x64.Build.0 = Release|x64
		{4B1435BB-86C6-47EC-9D40-31C955B1BFD4}.Debug|x64.ActiveCfg = Debug|x64
		{4B1435BB-86C6-47EC-9D40-31C955B1BFD4}.Debug|x64.Build.0 = Debug|x64
		{4B1435BB-86C6-47EC-9D40-31C955B1BFD4}.Release|x64.ActiveCfg = Release|x64
		{4B1435BB-86C6-47EC-9D40-31C955B1BFD4}.Release|x64.Build.0 = Release|x64
		{E7AB650E-2D63-49A0-B9E1-53060F57C919}.Debug|x64.ActiveCfg = Debug|x64
		{E7AB650E-2D63-49A0-B9E1-53060F57C919}.Debug|x64.Build.0 = Debug|x64
		{E7AB650E-2D63-49A0-B9E1-53060F57C919}.Release|x64.ActiveCfg = Release|x64
		{E7AB650E-2D63-49A0-B9E1-53060F57C919}.Release|x64.Build.0 = Release|x64
		{14823A5A-714B-4F2E-9390-4D09A67B6EFB}.Debug|x64.ActiveCfg = Debug|x64
		{14823A5A-714B-4F2E-9390-4D09A67B6EFB}.Debug|x64.Build.0 = Debug|x64
		{14823A5A-714B-4F2E-9390-4D09A67B6EFB}.Release|x64.ActiveCfg = Release|x64
		{14823A5A-714B-4F2E-9390-4D09A67B6EFB}.Release|x64.Build.0 = Release|x64
		{A7DF7943-1BFC-46C1-B7C8-0C7F1E35B704}.Debug|x64.ActiveCfg = Debug|x64
		{A7DF7943-1BFC-46C1-B7C8-0C7F1E35B704}.Debug|x64.Build.0 = Debug|x64
		{A7DF7943-1BFC-46C1-B7C8-0C7F1E35B704}.Release|x64.ActiveCfg = Release|x64
		{A7DF7943-1BFC-46C1-B7C8-0C7F1E35B704}.Release|x64.Build.0 = Release|x64
		{BB7B468C-69DC-46D3-A74A-EFA823BC87EC}.Debug|x64.ActiveCfg = Debug|x64
		{BB7B468C-69DC-46D3-A74A-EFA823BC87EC}.Debug|x64.Build.0 = Debug|x64
		{BB7B468C-69DC-46D3-A74A-EFA823BC87EC}.Release|x64.ActiveCfg = Release|x64
		{BB7B468C-69DC-46D3-A74A-EFA823BC87EC}.Release|x64.Build.0 = Release|x64
	EndGlobalSection
	GlobalSection(SolutionProperties) = preSolution
		HideSolutionNode = FALSE
	EndGlobalSection
	GlobalSection(ExtensibilityGlobals) = postSolution
		SolutionGuid = {13630CE9-DB23-4686-A417-BA556AEFF75E}
	EndGlobalSection
EndGlobal
